{
    "version": 3,
    "terraform_version": "0.11.11",
    "serial": 12,
    "lineage": "d455ba9e-a993-37f2-1a9a-f3bd8359ce9c",
    "modules": [
        {
            "path": [
                "root"
            ],
            "outputs": {},
            "resources": {
                "aws_alb.front_end": {
                    "type": "aws_alb",
                    "depends_on": [
                        "aws_security_group.lb",
                        "aws_subnet.public_sub",
                        "aws_subnet.public_sub2"
                    ],
                    "primary": {
                        "id": "arn:aws:elasticloadbalancing:us-east-2:293221893011:loadbalancer/app/front-end/aafbde6e1fc42592",
                        "attributes": {
                            "access_logs.#": "0",
                            "arn": "arn:aws:elasticloadbalancing:us-east-2:293221893011:loadbalancer/app/front-end/aafbde6e1fc42592",
                            "arn_suffix": "app/front-end/aafbde6e1fc42592",
                            "dns_name": "front-end-1167630668.us-east-2.elb.amazonaws.com",
                            "enable_deletion_protection": "false",
                            "enable_http2": "true",
                            "id": "arn:aws:elasticloadbalancing:us-east-2:293221893011:loadbalancer/app/front-end/aafbde6e1fc42592",
                            "idle_timeout": "60",
                            "internal": "false",
                            "ip_address_type": "ipv4",
                            "load_balancer_type": "application",
                            "name": "front-end",
                            "security_groups.#": "1",
                            "security_groups.3533953784": "sg-0ea6b17fbd8de2c8f",
                            "subnet_mapping.#": "0",
                            "subnets.#": "2",
                            "subnets.1169463382": "subnet-0c4deacce99d580fb",
                            "subnets.3650122719": "subnet-0c03158bf4c7e9560",
                            "tags.%": "1",
                            "tags.Name": "Application LB",
                            "vpc_id": "vpc-03b9a81be795e2df7",
                            "zone_id": "Z3AADJGX6KTTL2"
                        },
                        "meta": {
                            "e2bfb730-ecaa-11e6-8f88-34363bc7c4c0": {
                                "create": 600000000000,
                                "delete": 600000000000,
                                "update": 600000000000
                            }
                        },
                        "tainted": false
                    },
                    "deposed": [],
                    "provider": "provider.aws"
                },
                "aws_alb_listener.front_end": {
                    "type": "aws_alb_listener",
                    "depends_on": [
                        "aws_alb.front_end"
                    ],
                    "primary": {
                        "id": "arn:aws:elasticloadbalancing:us-east-2:293221893011:listener/app/front-end/aafbde6e1fc42592/36d11ddee6d9f6f6",
                        "attributes": {
                            "arn": "arn:aws:elasticloadbalancing:us-east-2:293221893011:listener/app/front-end/aafbde6e1fc42592/36d11ddee6d9f6f6",
                            "default_action.#": "1",
                            "default_action.0.authenticate_cognito.#": "0",
                            "default_action.0.authenticate_oidc.#": "0",
                            "default_action.0.fixed_response.#": "1",
                            "default_action.0.fixed_response.0.content_type": "text/plain",
                            "default_action.0.fixed_response.0.message_body": "Please navigate to /contact or /about",
                            "default_action.0.fixed_response.0.status_code": "200",
                            "default_action.0.order": "1",
                            "default_action.0.redirect.#": "0",
                            "default_action.0.target_group_arn": "",
                            "default_action.0.type": "fixed-response",
                            "id": "arn:aws:elasticloadbalancing:us-east-2:293221893011:listener/app/front-end/aafbde6e1fc42592/36d11ddee6d9f6f6",
                            "load_balancer_arn": "arn:aws:elasticloadbalancing:us-east-2:293221893011:loadbalancer/app/front-end/aafbde6e1fc42592",
                            "port": "80",
                            "protocol": "HTTP",
                            "ssl_policy": ""
                        },
                        "meta": {
                            "e2bfb730-ecaa-11e6-8f88-34363bc7c4c0": {
                                "read": 600000000000
                            }
                        },
                        "tainted": false
                    },
                    "deposed": [],
                    "provider": "provider.aws"
                },
                "aws_alb_target_group.about": {
                    "type": "aws_alb_target_group",
                    "depends_on": [
                        "aws_vpc.main"
                    ],
                    "primary": {
                        "id": "arn:aws:elasticloadbalancing:us-east-2:293221893011:targetgroup/about/215bf56fb252d54e",
                        "attributes": {
                            "arn": "arn:aws:elasticloadbalancing:us-east-2:293221893011:targetgroup/about/215bf56fb252d54e",
                            "arn_suffix": "targetgroup/about/215bf56fb252d54e",
                            "deregistration_delay": "300",
                            "health_check.#": "1",
                            "health_check.0.healthy_threshold": "5",
                            "health_check.0.interval": "10",
                            "health_check.0.matcher": "200",
                            "health_check.0.path": "/about.html",
                            "health_check.0.port": "80",
                            "health_check.0.protocol": "HTTP",
                            "health_check.0.timeout": "5",
                            "health_check.0.unhealthy_threshold": "10",
                            "id": "arn:aws:elasticloadbalancing:us-east-2:293221893011:targetgroup/about/215bf56fb252d54e",
                            "name": "about",
                            "port": "80",
                            "protocol": "HTTP",
                            "proxy_protocol_v2": "false",
                            "slow_start": "0",
                            "stickiness.#": "1",
                            "stickiness.0.cookie_duration": "86400",
                            "stickiness.0.enabled": "false",
                            "stickiness.0.type": "lb_cookie",
                            "tags.%": "1",
                            "tags.name": "2nd group",
                            "target_type": "instance",
                            "vpc_id": "vpc-03b9a81be795e2df7"
                        },
                        "meta": {},
                        "tainted": false
                    },
                    "deposed": [],
                    "provider": "provider.aws"
                },
                "aws_alb_target_group.contact": {
                    "type": "aws_alb_target_group",
                    "depends_on": [
                        "aws_vpc.main"
                    ],
                    "primary": {
                        "id": "arn:aws:elasticloadbalancing:us-east-2:293221893011:targetgroup/contact/842e9f835d6b16f2",
                        "attributes": {
                            "arn": "arn:aws:elasticloadbalancing:us-east-2:293221893011:targetgroup/contact/842e9f835d6b16f2",
                            "arn_suffix": "targetgroup/contact/842e9f835d6b16f2",
                            "deregistration_delay": "300",
                            "health_check.#": "1",
                            "health_check.0.healthy_threshold": "3",
                            "health_check.0.interval": "10",
                            "health_check.0.matcher": "200",
                            "health_check.0.path": "/contact.html",
                            "health_check.0.port": "80",
                            "health_check.0.protocol": "HTTP",
                            "health_check.0.timeout": "5",
                            "health_check.0.unhealthy_threshold": "9",
                            "id": "arn:aws:elasticloadbalancing:us-east-2:293221893011:targetgroup/contact/842e9f835d6b16f2",
                            "name": "contact",
                            "port": "80",
                            "protocol": "HTTP",
                            "proxy_protocol_v2": "false",
                            "slow_start": "0",
                            "stickiness.#": "1",
                            "stickiness.0.cookie_duration": "86400",
                            "stickiness.0.enabled": "false",
                            "stickiness.0.type": "lb_cookie",
                            "tags.%": "1",
                            "tags.name": "1st group",
                            "target_type": "instance",
                            "vpc_id": "vpc-03b9a81be795e2df7"
                        },
                        "meta": {},
                        "tainted": false
                    },
                    "deposed": [],
                    "provider": "provider.aws"
                },
                "aws_alb_target_group_attachment.about": {
                    "type": "aws_alb_target_group_attachment",
                    "depends_on": [
                        "aws_alb_target_group.about",
                        "aws_instance.b"
                    ],
                    "primary": {
                        "id": "arn:aws:elasticloadbalancing:us-east-2:293221893011:targetgroup/about/215bf56fb252d54e-20190107221138491800000001",
                        "attributes": {
                            "id": "arn:aws:elasticloadbalancing:us-east-2:293221893011:targetgroup/about/215bf56fb252d54e-20190107221138491800000001",
                            "port": "80",
                            "target_group_arn": "arn:aws:elasticloadbalancing:us-east-2:293221893011:targetgroup/about/215bf56fb252d54e",
                            "target_id": "i-06538ba6308f1cbf0"
                        },
                        "meta": {},
                        "tainted": false
                    },
                    "deposed": [],
                    "provider": "provider.aws"
                },
                "aws_alb_target_group_attachment.contact": {
                    "type": "aws_alb_target_group_attachment",
                    "depends_on": [
                        "aws_alb_target_group.contact",
                        "aws_instance.a"
                    ],
                    "primary": {
                        "id": "arn:aws:elasticloadbalancing:us-east-2:293221893011:targetgroup/contact/842e9f835d6b16f2-20190107221203514900000002",
                        "attributes": {
                            "id": "arn:aws:elasticloadbalancing:us-east-2:293221893011:targetgroup/contact/842e9f835d6b16f2-20190107221203514900000002",
                            "port": "80",
                            "target_group_arn": "arn:aws:elasticloadbalancing:us-east-2:293221893011:targetgroup/contact/842e9f835d6b16f2",
                            "target_id": "i-0f4ee273993dcc188"
                        },
                        "meta": {},
                        "tainted": false
                    },
                    "deposed": [],
                    "provider": "provider.aws"
                },
                "aws_eip.bastian": {
                    "type": "aws_eip",
                    "depends_on": [
                        "aws_instance.bastian"
                    ],
                    "primary": {
                        "id": "eipalloc-0ae07449e189e0c2e",
                        "attributes": {
                            "association_id": "eipassoc-0e39659c3e5aa0547",
                            "domain": "vpc",
                            "id": "eipalloc-0ae07449e189e0c2e",
                            "instance": "i-0fd8cb7da355adfbb",
                            "network_interface": "eni-0d90cb6b5ffb17b2d",
                            "private_ip": "10.0.0.221",
                            "public_ip": "18.224.85.105",
                            "public_ipv4_pool": "amazon",
                            "tags.%": "0",
                            "vpc": "true"
                        },
                        "meta": {
                            "e2bfb730-ecaa-11e6-8f88-34363bc7c4c0": {
                                "delete": 180000000000,
                                "read": 900000000000,
                                "update": 300000000000
                            }
                        },
                        "tainted": false
                    },
                    "deposed": [],
                    "provider": "provider.aws"
                },
                "aws_eip.nat": {
                    "type": "aws_eip",
                    "depends_on": [
                        "aws_instance.nat"
                    ],
                    "primary": {
                        "id": "eipalloc-07b7e4197146e6b30",
                        "attributes": {
                            "association_id": "eipassoc-03a391e86e84c26d9",
                            "domain": "vpc",
                            "id": "eipalloc-07b7e4197146e6b30",
                            "instance": "i-0da79f8a99c70dde0",
                            "network_interface": "eni-0d5ce5fa023c6d1ba",
                            "private_ip": "10.0.0.196",
                            "public_ip": "13.58.29.35",
                            "public_ipv4_pool": "amazon",
                            "tags.%": "0",
                            "vpc": "true"
                        },
                        "meta": {
                            "e2bfb730-ecaa-11e6-8f88-34363bc7c4c0": {
                                "delete": 180000000000,
                                "read": 900000000000,
                                "update": 300000000000
                            }
                        },
                        "tainted": false
                    },
                    "deposed": [],
                    "provider": "provider.aws"
                },
                "aws_instance.a": {
                    "type": "aws_instance",
                    "depends_on": [
                        "aws_key_pair.deployer",
                        "aws_security_group.web",
                        "aws_subnet.private_sub"
                    ],
                    "primary": {
                        "id": "i-0f4ee273993dcc188",
                        "attributes": {
                            "ami": "ami-446e5b21",
                            "arn": "arn:aws:ec2:us-east-2:293221893011:instance/i-0f4ee273993dcc188",
                            "associate_public_ip_address": "true",
                            "availability_zone": "us-east-2a",
                            "cpu_core_count": "1",
                            "cpu_threads_per_core": "1",
                            "credit_specification.#": "1",
                            "credit_specification.0.cpu_credits": "standard",
                            "disable_api_termination": "false",
                            "ebs_block_device.#": "0",
                            "ebs_optimized": "false",
                            "ephemeral_block_device.#": "0",
                            "get_password_data": "false",
                            "iam_instance_profile": "",
                            "id": "i-0f4ee273993dcc188",
                            "instance_state": "running",
                            "instance_type": "t2.micro",
                            "ipv6_addresses.#": "0",
                            "key_name": "id_rsa",
                            "monitoring": "false",
                            "network_interface.#": "0",
                            "network_interface_id": "eni-00a5e33ebec3ba57e",
                            "password_data": "",
                            "placement_group": "",
                            "primary_network_interface_id": "eni-00a5e33ebec3ba57e",
                            "private_dns": "ip-10-0-2-155.us-east-2.compute.internal",
                            "private_ip": "10.0.2.155",
                            "public_dns": "ec2-18-220-185-50.us-east-2.compute.amazonaws.com",
                            "public_ip": "18.220.185.50",
                            "root_block_device.#": "1",
                            "root_block_device.0.delete_on_termination": "true",
                            "root_block_device.0.iops": "100",
                            "root_block_device.0.volume_id": "vol-01e8e247ae58e571c",
                            "root_block_device.0.volume_size": "8",
                            "root_block_device.0.volume_type": "gp2",
                            "security_groups.#": "0",
                            "source_dest_check": "false",
                            "subnet_id": "subnet-039a6763125a5786f",
                            "tags.%": "1",
                            "tags.Name": "Web Server A",
                            "tenancy": "default",
                            "volume_tags.%": "0",
                            "vpc_security_group_ids.#": "1",
                            "vpc_security_group_ids.1368018834": "sg-0c902fd6ac6bc45a2"
                        },
                        "meta": {
                            "e2bfb730-ecaa-11e6-8f88-34363bc7c4c0": {
                                "create": 600000000000,
                                "delete": 1200000000000,
                                "update": 600000000000
                            },
                            "schema_version": "1"
                        },
                        "tainted": false
                    },
                    "deposed": [],
                    "provider": "provider.aws"
                },
                "aws_instance.b": {
                    "type": "aws_instance",
                    "depends_on": [
                        "aws_key_pair.deployer",
                        "aws_security_group.web",
                        "aws_subnet.private_sub"
                    ],
                    "primary": {
                        "id": "i-06538ba6308f1cbf0",
                        "attributes": {
                            "ami": "ami-446e5b21",
                            "arn": "arn:aws:ec2:us-east-2:293221893011:instance/i-06538ba6308f1cbf0",
                            "associate_public_ip_address": "false",
                            "availability_zone": "us-east-2a",
                            "cpu_core_count": "1",
                            "cpu_threads_per_core": "1",
                            "credit_specification.#": "1",
                            "credit_specification.0.cpu_credits": "standard",
                            "disable_api_termination": "false",
                            "ebs_block_device.#": "0",
                            "ebs_optimized": "false",
                            "ephemeral_block_device.#": "0",
                            "get_password_data": "false",
                            "iam_instance_profile": "",
                            "id": "i-06538ba6308f1cbf0",
                            "instance_state": "running",
                            "instance_type": "t2.micro",
                            "ipv6_addresses.#": "0",
                            "key_name": "id_rsa",
                            "monitoring": "false",
                            "network_interface.#": "0",
                            "network_interface_id": "eni-04d5907959025ec6f",
                            "password_data": "",
                            "placement_group": "",
                            "primary_network_interface_id": "eni-04d5907959025ec6f",
                            "private_dns": "ip-10-0-2-235.us-east-2.compute.internal",
                            "private_ip": "10.0.2.235",
                            "public_dns": "",
                            "public_ip": "",
                            "root_block_device.#": "1",
                            "root_block_device.0.delete_on_termination": "true",
                            "root_block_device.0.iops": "100",
                            "root_block_device.0.volume_id": "vol-0c6bb141cf6c4465f",
                            "root_block_device.0.volume_size": "8",
                            "root_block_device.0.volume_type": "gp2",
                            "security_groups.#": "0",
                            "source_dest_check": "false",
                            "subnet_id": "subnet-039a6763125a5786f",
                            "tags.%": "1",
                            "tags.Name": "Web Server B",
                            "tenancy": "default",
                            "volume_tags.%": "0",
                            "vpc_security_group_ids.#": "1",
                            "vpc_security_group_ids.1368018834": "sg-0c902fd6ac6bc45a2"
                        },
                        "meta": {
                            "e2bfb730-ecaa-11e6-8f88-34363bc7c4c0": {
                                "create": 600000000000,
                                "delete": 1200000000000,
                                "update": 600000000000
                            },
                            "schema_version": "1"
                        },
                        "tainted": false
                    },
                    "deposed": [],
                    "provider": "provider.aws"
                },
                "aws_instance.bastian": {
                    "type": "aws_instance",
                    "depends_on": [
                        "aws_key_pair.deployer",
                        "aws_security_group.web",
                        "aws_subnet.public_sub"
                    ],
                    "primary": {
                        "id": "i-0fd8cb7da355adfbb",
                        "attributes": {
                            "ami": "ami-0cd3dfa4e37921605",
                            "arn": "arn:aws:ec2:us-east-2:293221893011:instance/i-0fd8cb7da355adfbb",
                            "associate_public_ip_address": "true",
                            "availability_zone": "us-east-2a",
                            "cpu_core_count": "1",
                            "cpu_threads_per_core": "1",
                            "credit_specification.#": "1",
                            "credit_specification.0.cpu_credits": "standard",
                            "disable_api_termination": "false",
                            "ebs_block_device.#": "0",
                            "ebs_optimized": "false",
                            "ephemeral_block_device.#": "0",
                            "get_password_data": "false",
                            "iam_instance_profile": "",
                            "id": "i-0fd8cb7da355adfbb",
                            "instance_state": "running",
                            "instance_type": "t2.micro",
                            "ipv6_addresses.#": "0",
                            "key_name": "id_rsa",
                            "monitoring": "false",
                            "network_interface.#": "0",
                            "network_interface_id": "eni-0d90cb6b5ffb17b2d",
                            "password_data": "",
                            "placement_group": "",
                            "primary_network_interface_id": "eni-0d90cb6b5ffb17b2d",
                            "private_dns": "ip-10-0-0-221.us-east-2.compute.internal",
                            "private_ip": "10.0.0.221",
                            "public_dns": "ec2-18-224-85-105.us-east-2.compute.amazonaws.com",
                            "public_ip": "18.224.85.105",
                            "root_block_device.#": "1",
                            "root_block_device.0.delete_on_termination": "true",
                            "root_block_device.0.iops": "100",
                            "root_block_device.0.volume_id": "vol-0742f08c03b93d9a7",
                            "root_block_device.0.volume_size": "8",
                            "root_block_device.0.volume_type": "gp2",
                            "security_groups.#": "0",
                            "source_dest_check": "false",
                            "subnet_id": "subnet-0c4deacce99d580fb",
                            "tags.%": "0",
                            "tenancy": "default",
                            "volume_tags.%": "0",
                            "vpc_security_group_ids.#": "1",
                            "vpc_security_group_ids.1368018834": "sg-0c902fd6ac6bc45a2"
                        },
                        "meta": {
                            "e2bfb730-ecaa-11e6-8f88-34363bc7c4c0": {
                                "create": 600000000000,
                                "delete": 1200000000000,
                                "update": 600000000000
                            },
                            "schema_version": "1"
                        },
                        "tainted": false
                    },
                    "deposed": [],
                    "provider": "provider.aws"
                },
                "aws_instance.nat": {
                    "type": "aws_instance",
                    "depends_on": [
                        "aws_security_group.nat",
                        "aws_subnet.public_sub"
                    ],
                    "primary": {
                        "id": "i-0da79f8a99c70dde0",
                        "attributes": {
                            "ami": "ami-299faa4c",
                            "arn": "arn:aws:ec2:us-east-2:293221893011:instance/i-0da79f8a99c70dde0",
                            "associate_public_ip_address": "true",
                            "availability_zone": "us-east-2a",
                            "cpu_core_count": "1",
                            "cpu_threads_per_core": "1",
                            "credit_specification.#": "1",
                            "credit_specification.0.cpu_credits": "standard",
                            "disable_api_termination": "false",
                            "ebs_block_device.#": "1",
                            "ebs_block_device.4023988449.delete_on_termination": "true",
                            "ebs_block_device.4023988449.device_name": "/dev/xvdf",
                            "ebs_block_device.4023988449.encrypted": "false",
                            "ebs_block_device.4023988449.iops": "300",
                            "ebs_block_device.4023988449.snapshot_id": "",
                            "ebs_block_device.4023988449.volume_id": "vol-017147f23bf8fc88f",
                            "ebs_block_device.4023988449.volume_size": "100",
                            "ebs_block_device.4023988449.volume_type": "gp2",
                            "ebs_optimized": "false",
                            "ephemeral_block_device.#": "0",
                            "get_password_data": "false",
                            "iam_instance_profile": "",
                            "id": "i-0da79f8a99c70dde0",
                            "instance_state": "running",
                            "instance_type": "t2.micro",
                            "ipv6_addresses.#": "0",
                            "key_name": "",
                            "monitoring": "false",
                            "network_interface.#": "0",
                            "network_interface_id": "eni-0d5ce5fa023c6d1ba",
                            "password_data": "",
                            "placement_group": "",
                            "primary_network_interface_id": "eni-0d5ce5fa023c6d1ba",
                            "private_dns": "ip-10-0-0-196.us-east-2.compute.internal",
                            "private_ip": "10.0.0.196",
                            "public_dns": "ec2-13-58-29-35.us-east-2.compute.amazonaws.com",
                            "public_ip": "13.58.29.35",
                            "root_block_device.#": "1",
                            "root_block_device.0.delete_on_termination": "true",
                            "root_block_device.0.iops": "150",
                            "root_block_device.0.volume_id": "vol-0e0525fe3376d8143",
                            "root_block_device.0.volume_size": "50",
                            "root_block_device.0.volume_type": "gp2",
                            "security_groups.#": "0",
                            "source_dest_check": "false",
                            "subnet_id": "subnet-0c4deacce99d580fb",
                            "tags.%": "1",
                            "tags.Name": "VPC NAT",
                            "tenancy": "default",
                            "volume_tags.%": "0",
                            "vpc_security_group_ids.#": "1",
                            "vpc_security_group_ids.3698967762": "sg-09c47f3e608f0556b"
                        },
                        "meta": {
                            "e2bfb730-ecaa-11e6-8f88-34363bc7c4c0": {
                                "create": 600000000000,
                                "delete": 1200000000000,
                                "update": 600000000000
                            },
                            "schema_version": "1"
                        },
                        "tainted": false
                    },
                    "deposed": [],
                    "provider": "provider.aws"
                },
                "aws_internet_gateway.default": {
                    "type": "aws_internet_gateway",
                    "depends_on": [
                        "aws_vpc.main"
                    ],
                    "primary": {
                        "id": "igw-0b77ce1731607e64b",
                        "attributes": {
                            "id": "igw-0b77ce1731607e64b",
                            "owner_id": "293221893011",
                            "tags.%": "0",
                            "vpc_id": "vpc-03b9a81be795e2df7"
                        },
                        "meta": {},
                        "tainted": false
                    },
                    "deposed": [],
                    "provider": "provider.aws"
                },
                "aws_key_pair.deployer": {
                    "type": "aws_key_pair",
                    "depends_on": [],
                    "primary": {
                        "id": "id_rsa",
                        "attributes": {
                            "fingerprint": "8e:80:dc:3b:1d:20:09:26:77:97:fe:b9:3f:8a:3d:76",
                            "id": "id_rsa",
                            "key_name": "id_rsa",
                            "public_key": "ssh-rsa AAAAB3NzaC1yc2EAAAADAQABAAABAQCzVhsiKS+3TtmX6kOrShalu6SpNsWXQaKGhMERTAAqNaeaQ31H2PGxIO6GRGpTPWmwgHOLGzCJ0t0hkhFEygSjmljIMirlK0zzhGcdgGxeeIDwRvlEWx7/Yn0XTMbJWAE69b4vTviJTeWB3H+SXAYROANDa1xKl5iwhEl2jIMYyG1aqA9onK7R2YKrNts2FMBGgCr92/gzKfpiutaJoeiXg5J2rL+dH7IL4fB02fOgwEEvZE8tVD7bkcsS8OAtByXIamrnhy6dn0t18R8zjFSlrGronQ0dLcc+2vVeMGzz3UNUJx65KrIuWIu2892bQDmWhe/tKGy7UrLxFN4vW26x Monalisa101@Angjelos-MacBook-Pro.local"
                        },
                        "meta": {
                            "schema_version": "1"
                        },
                        "tainted": false
                    },
                    "deposed": [],
                    "provider": "provider.aws"
                },
                "aws_lb_listener_rule.path": {
                    "type": "aws_lb_listener_rule",
                    "depends_on": [
                        "aws_alb_listener.front_end",
                        "aws_alb_target_group.about"
                    ],
                    "primary": {
                        "id": "arn:aws:elasticloadbalancing:us-east-2:293221893011:listener-rule/app/front-end/aafbde6e1fc42592/36d11ddee6d9f6f6/819b52265f6e415f",
                        "attributes": {
                            "action.#": "1",
                            "action.0.authenticate_cognito.#": "0",
                            "action.0.authenticate_oidc.#": "0",
                            "action.0.fixed_response.#": "0",
                            "action.0.order": "1",
                            "action.0.redirect.#": "0",
                            "action.0.target_group_arn": "arn:aws:elasticloadbalancing:us-east-2:293221893011:targetgroup/about/215bf56fb252d54e",
                            "action.0.type": "forward",
                            "arn": "arn:aws:elasticloadbalancing:us-east-2:293221893011:listener-rule/app/front-end/aafbde6e1fc42592/36d11ddee6d9f6f6/819b52265f6e415f",
                            "condition.#": "1",
                            "condition.4284664491.field": "path-pattern",
                            "condition.4284664491.values.#": "1",
                            "condition.4284664491.values.0": "/about.html",
                            "id": "arn:aws:elasticloadbalancing:us-east-2:293221893011:listener-rule/app/front-end/aafbde6e1fc42592/36d11ddee6d9f6f6/819b52265f6e415f",
                            "listener_arn": "arn:aws:elasticloadbalancing:us-east-2:293221893011:listener/app/front-end/aafbde6e1fc42592/36d11ddee6d9f6f6",
                            "priority": "99"
                        },
                        "meta": {},
                        "tainted": false
                    },
                    "deposed": [],
                    "provider": "provider.aws"
                },
                "aws_lb_listener_rule.static": {
                    "type": "aws_lb_listener_rule",
                    "depends_on": [
                        "aws_alb_listener.front_end",
                        "aws_alb_target_group.contact"
                    ],
                    "primary": {
                        "id": "arn:aws:elasticloadbalancing:us-east-2:293221893011:listener-rule/app/front-end/aafbde6e1fc42592/36d11ddee6d9f6f6/9bf7648aeb3af193",
                        "attributes": {
                            "action.#": "1",
                            "action.0.authenticate_cognito.#": "0",
                            "action.0.authenticate_oidc.#": "0",
                            "action.0.fixed_response.#": "0",
                            "action.0.order": "1",
                            "action.0.redirect.#": "0",
                            "action.0.target_group_arn": "arn:aws:elasticloadbalancing:us-east-2:293221893011:targetgroup/contact/842e9f835d6b16f2",
                            "action.0.type": "forward",
                            "arn": "arn:aws:elasticloadbalancing:us-east-2:293221893011:listener-rule/app/front-end/aafbde6e1fc42592/36d11ddee6d9f6f6/9bf7648aeb3af193",
                            "condition.#": "1",
                            "condition.1196033593.field": "path-pattern",
                            "condition.1196033593.values.#": "1",
                            "condition.1196033593.values.0": "/contact.html",
                            "id": "arn:aws:elasticloadbalancing:us-east-2:293221893011:listener-rule/app/front-end/aafbde6e1fc42592/36d11ddee6d9f6f6/9bf7648aeb3af193",
                            "listener_arn": "arn:aws:elasticloadbalancing:us-east-2:293221893011:listener/app/front-end/aafbde6e1fc42592/36d11ddee6d9f6f6",
                            "priority": "100"
                        },
                        "meta": {},
                        "tainted": false
                    },
                    "deposed": [],
                    "provider": "provider.aws"
                },
                "aws_route_table.private_sub": {
                    "type": "aws_route_table",
                    "depends_on": [
                        "aws_instance.nat",
                        "aws_vpc.main"
                    ],
                    "primary": {
                        "id": "rtb-053b35c3a97d3759b",
                        "attributes": {
                            "id": "rtb-053b35c3a97d3759b",
                            "owner_id": "293221893011",
                            "propagating_vgws.#": "0",
                            "route.#": "1",
                            "route.108333344.cidr_block": "0.0.0.0/0",
                            "route.108333344.egress_only_gateway_id": "",
                            "route.108333344.gateway_id": "",
                            "route.108333344.instance_id": "i-0da79f8a99c70dde0",
                            "route.108333344.ipv6_cidr_block": "",
                            "route.108333344.nat_gateway_id": "",
                            "route.108333344.network_interface_id": "eni-0d5ce5fa023c6d1ba",
                            "route.108333344.transit_gateway_id": "",
                            "route.108333344.vpc_peering_connection_id": "",
                            "tags.%": "1",
                            "tags.Name": "Private Subnet",
                            "vpc_id": "vpc-03b9a81be795e2df7"
                        },
                        "meta": {},
                        "tainted": false
                    },
                    "deposed": [],
                    "provider": "provider.aws"
                },
                "aws_route_table.public_sub": {
                    "type": "aws_route_table",
                    "depends_on": [
                        "aws_internet_gateway.default",
                        "aws_vpc.main"
                    ],
                    "primary": {
                        "id": "rtb-076c030837777db00",
                        "attributes": {
                            "id": "rtb-076c030837777db00",
                            "owner_id": "293221893011",
                            "propagating_vgws.#": "0",
                            "route.#": "1",
                            "route.1515783594.cidr_block": "0.0.0.0/0",
                            "route.1515783594.egress_only_gateway_id": "",
                            "route.1515783594.gateway_id": "igw-0b77ce1731607e64b",
                            "route.1515783594.instance_id": "",
                            "route.1515783594.ipv6_cidr_block": "",
                            "route.1515783594.nat_gateway_id": "",
                            "route.1515783594.network_interface_id": "",
                            "route.1515783594.transit_gateway_id": "",
                            "route.1515783594.vpc_peering_connection_id": "",
                            "tags.%": "1",
                            "tags.Name": "Public Subnet",
                            "vpc_id": "vpc-03b9a81be795e2df7"
                        },
                        "meta": {},
                        "tainted": false
                    },
                    "deposed": [],
                    "provider": "provider.aws"
                },
                "aws_route_table.public_sub2": {
                    "type": "aws_route_table",
                    "depends_on": [
                        "aws_internet_gateway.default",
                        "aws_vpc.main"
                    ],
                    "primary": {
                        "id": "rtb-03503bf2a9377de8b",
                        "attributes": {
                            "id": "rtb-03503bf2a9377de8b",
                            "owner_id": "293221893011",
                            "propagating_vgws.#": "0",
                            "route.#": "1",
                            "route.1515783594.cidr_block": "0.0.0.0/0",
                            "route.1515783594.egress_only_gateway_id": "",
                            "route.1515783594.gateway_id": "igw-0b77ce1731607e64b",
                            "route.1515783594.instance_id": "",
                            "route.1515783594.ipv6_cidr_block": "",
                            "route.1515783594.nat_gateway_id": "",
                            "route.1515783594.network_interface_id": "",
                            "route.1515783594.transit_gateway_id": "",
                            "route.1515783594.vpc_peering_connection_id": "",
                            "tags.%": "1",
                            "tags.Name": "Public Subnet 2",
                            "vpc_id": "vpc-03b9a81be795e2df7"
                        },
                        "meta": {},
                        "tainted": false
                    },
                    "deposed": [],
                    "provider": "provider.aws"
                },
                "aws_route_table_association.private_sub": {
                    "type": "aws_route_table_association",
                    "depends_on": [
                        "aws_route_table.private_sub",
                        "aws_subnet.private_sub"
                    ],
                    "primary": {
                        "id": "rtbassoc-0ae9cda7fae284f75",
                        "attributes": {
                            "id": "rtbassoc-0ae9cda7fae284f75",
                            "route_table_id": "rtb-053b35c3a97d3759b",
                            "subnet_id": "subnet-039a6763125a5786f"
                        },
                        "meta": {},
                        "tainted": false
                    },
                    "deposed": [],
                    "provider": "provider.aws"
                },
                "aws_route_table_association.public_sub": {
                    "type": "aws_route_table_association",
                    "depends_on": [
                        "aws_route_table.public_sub",
                        "aws_subnet.public_sub"
                    ],
                    "primary": {
                        "id": "rtbassoc-0d8f82261685ba0ee",
                        "attributes": {
                            "id": "rtbassoc-0d8f82261685ba0ee",
                            "route_table_id": "rtb-076c030837777db00",
                            "subnet_id": "subnet-0c4deacce99d580fb"
                        },
                        "meta": {},
                        "tainted": false
                    },
                    "deposed": [],
                    "provider": "provider.aws"
                },
                "aws_route_table_association.public_sub2": {
                    "type": "aws_route_table_association",
                    "depends_on": [
                        "aws_route_table.public_sub2",
                        "aws_subnet.public_sub2"
                    ],
                    "primary": {
                        "id": "rtbassoc-0d3f6aae044eea505",
                        "attributes": {
                            "id": "rtbassoc-0d3f6aae044eea505",
                            "route_table_id": "rtb-03503bf2a9377de8b",
                            "subnet_id": "subnet-0c03158bf4c7e9560"
                        },
                        "meta": {},
                        "tainted": false
                    },
                    "deposed": [],
                    "provider": "provider.aws"
                },
                "aws_security_group.lb": {
                    "type": "aws_security_group",
                    "depends_on": [
                        "aws_vpc.main"
                    ],
                    "primary": {
                        "id": "sg-0ea6b17fbd8de2c8f",
                        "attributes": {
                            "arn": "arn:aws:ec2:us-east-2:293221893011:security-group/sg-0ea6b17fbd8de2c8f",
                            "description": "Incoming/Outgoing  HTTP connections.",
                            "egress.#": "1",
                            "egress.2214680975.cidr_blocks.#": "1",
                            "egress.2214680975.cidr_blocks.0": "0.0.0.0/0",
                            "egress.2214680975.description": "",
                            "egress.2214680975.from_port": "80",
                            "egress.2214680975.ipv6_cidr_blocks.#": "0",
                            "egress.2214680975.prefix_list_ids.#": "0",
                            "egress.2214680975.protocol": "tcp",
                            "egress.2214680975.security_groups.#": "0",
                            "egress.2214680975.self": "false",
                            "egress.2214680975.to_port": "80",
                            "id": "sg-0ea6b17fbd8de2c8f",
                            "ingress.#": "1",
                            "ingress.2214680975.cidr_blocks.#": "1",
                            "ingress.2214680975.cidr_blocks.0": "0.0.0.0/0",
                            "ingress.2214680975.description": "",
                            "ingress.2214680975.from_port": "80",
                            "ingress.2214680975.ipv6_cidr_blocks.#": "0",
                            "ingress.2214680975.prefix_list_ids.#": "0",
                            "ingress.2214680975.protocol": "tcp",
                            "ingress.2214680975.security_groups.#": "0",
                            "ingress.2214680975.self": "false",
                            "ingress.2214680975.to_port": "80",
                            "name": "lb-group",
                            "owner_id": "293221893011",
                            "revoke_rules_on_delete": "false",
                            "tags.%": "1",
                            "tags.Name": "LB SECURITY GROUP",
                            "vpc_id": "vpc-03b9a81be795e2df7"
                        },
                        "meta": {
                            "e2bfb730-ecaa-11e6-8f88-34363bc7c4c0": {
                                "create": 600000000000,
                                "delete": 600000000000
                            },
                            "schema_version": "1"
                        },
                        "tainted": false
                    },
                    "deposed": [],
                    "provider": "provider.aws"
                },
                "aws_security_group.nat": {
                    "type": "aws_security_group",
                    "depends_on": [
                        "aws_vpc.main"
                    ],
                    "primary": {
                        "id": "sg-09c47f3e608f0556b",
                        "attributes": {
                            "arn": "arn:aws:ec2:us-east-2:293221893011:security-group/sg-09c47f3e608f0556b",
                            "description": "Allow traffic to pass from the private subnet to the internet",
                            "egress.#": "4",
                            "egress.133596849.cidr_blocks.#": "1",
                            "egress.133596849.cidr_blocks.0": "10.0.0.0/24",
                            "egress.133596849.description": "",
                            "egress.133596849.from_port": "22",
                            "egress.133596849.ipv6_cidr_blocks.#": "0",
                            "egress.133596849.prefix_list_ids.#": "0",
                            "egress.133596849.protocol": "tcp",
                            "egress.133596849.security_groups.#": "0",
                            "egress.133596849.self": "false",
                            "egress.133596849.to_port": "22",
                            "egress.1799340084.cidr_blocks.#": "1",
                            "egress.1799340084.cidr_blocks.0": "0.0.0.0/0",
                            "egress.1799340084.description": "",
                            "egress.1799340084.from_port": "-1",
                            "egress.1799340084.ipv6_cidr_blocks.#": "0",
                            "egress.1799340084.prefix_list_ids.#": "0",
                            "egress.1799340084.protocol": "icmp",
                            "egress.1799340084.security_groups.#": "0",
                            "egress.1799340084.self": "false",
                            "egress.1799340084.to_port": "-1",
                            "egress.2214680975.cidr_blocks.#": "1",
                            "egress.2214680975.cidr_blocks.0": "0.0.0.0/0",
                            "egress.2214680975.description": "",
                            "egress.2214680975.from_port": "80",
                            "egress.2214680975.ipv6_cidr_blocks.#": "0",
                            "egress.2214680975.prefix_list_ids.#": "0",
                            "egress.2214680975.protocol": "tcp",
                            "egress.2214680975.security_groups.#": "0",
                            "egress.2214680975.self": "false",
                            "egress.2214680975.to_port": "80",
                            "egress.2617001939.cidr_blocks.#": "1",
                            "egress.2617001939.cidr_blocks.0": "0.0.0.0/0",
                            "egress.2617001939.description": "",
                            "egress.2617001939.from_port": "443",
                            "egress.2617001939.ipv6_cidr_blocks.#": "0",
                            "egress.2617001939.prefix_list_ids.#": "0",
                            "egress.2617001939.protocol": "tcp",
                            "egress.2617001939.security_groups.#": "0",
                            "egress.2617001939.self": "false",
                            "egress.2617001939.to_port": "443",
                            "id": "sg-09c47f3e608f0556b",
                            "ingress.#": "4",
                            "ingress.1799340084.cidr_blocks.#": "1",
                            "ingress.1799340084.cidr_blocks.0": "0.0.0.0/0",
                            "ingress.1799340084.description": "",
                            "ingress.1799340084.from_port": "-1",
                            "ingress.1799340084.ipv6_cidr_blocks.#": "0",
                            "ingress.1799340084.prefix_list_ids.#": "0",
                            "ingress.1799340084.protocol": "icmp",
                            "ingress.1799340084.security_groups.#": "0",
                            "ingress.1799340084.self": "false",
                            "ingress.1799340084.to_port": "-1",
                            "ingress.2541437006.cidr_blocks.#": "1",
                            "ingress.2541437006.cidr_blocks.0": "0.0.0.0/0",
                            "ingress.2541437006.description": "",
                            "ingress.2541437006.from_port": "22",
                            "ingress.2541437006.ipv6_cidr_blocks.#": "0",
                            "ingress.2541437006.prefix_list_ids.#": "0",
                            "ingress.2541437006.protocol": "tcp",
                            "ingress.2541437006.security_groups.#": "0",
                            "ingress.2541437006.self": "false",
                            "ingress.2541437006.to_port": "22",
                            "ingress.3403873003.cidr_blocks.#": "1",
                            "ingress.3403873003.cidr_blocks.0": "10.0.2.0/24",
                            "ingress.3403873003.description": "",
                            "ingress.3403873003.from_port": "443",
                            "ingress.3403873003.ipv6_cidr_blocks.#": "0",
                            "ingress.3403873003.prefix_list_ids.#": "0",
                            "ingress.3403873003.protocol": "tcp",
                            "ingress.3403873003.security_groups.#": "0",
                            "ingress.3403873003.self": "false",
                            "ingress.3403873003.to_port": "443",
                            "ingress.652462637.cidr_blocks.#": "1",
                            "ingress.652462637.cidr_blocks.0": "10.0.2.0/24",
                            "ingress.652462637.description": "",
                            "ingress.652462637.from_port": "80",
                            "ingress.652462637.ipv6_cidr_blocks.#": "0",
                            "ingress.652462637.prefix_list_ids.#": "0",
                            "ingress.652462637.protocol": "tcp",
                            "ingress.652462637.security_groups.#": "0",
                            "ingress.652462637.self": "false",
                            "ingress.652462637.to_port": "80",
                            "name": "vpc_nat",
                            "owner_id": "293221893011",
                            "revoke_rules_on_delete": "false",
                            "tags.%": "1",
                            "tags.Name": "NATSG",
                            "vpc_id": "vpc-03b9a81be795e2df7"
                        },
                        "meta": {
                            "e2bfb730-ecaa-11e6-8f88-34363bc7c4c0": {
                                "create": 600000000000,
                                "delete": 600000000000
                            },
                            "schema_version": "1"
                        },
                        "tainted": false
                    },
                    "deposed": [],
                    "provider": "provider.aws"
                },
                "aws_security_group.web": {
                    "type": "aws_security_group",
                    "depends_on": [
                        "aws_vpc.main"
                    ],
                    "primary": {
                        "id": "sg-0c902fd6ac6bc45a2",
                        "attributes": {
                            "arn": "arn:aws:ec2:us-east-2:293221893011:security-group/sg-0c902fd6ac6bc45a2",
                            "description": "Allow incoming HTTP connections.",
                            "egress.#": "1",
                            "egress.2541437006.cidr_blocks.#": "1",
                            "egress.2541437006.cidr_blocks.0": "0.0.0.0/0",
                            "egress.2541437006.description": "",
                            "egress.2541437006.from_port": "22",
                            "egress.2541437006.ipv6_cidr_blocks.#": "0",
                            "egress.2541437006.prefix_list_ids.#": "0",
                            "egress.2541437006.protocol": "tcp",
                            "egress.2541437006.security_groups.#": "0",
                            "egress.2541437006.self": "false",
                            "egress.2541437006.to_port": "22",
                            "id": "sg-0c902fd6ac6bc45a2",
                            "ingress.#": "4",
                            "ingress.1799340084.cidr_blocks.#": "1",
                            "ingress.1799340084.cidr_blocks.0": "0.0.0.0/0",
                            "ingress.1799340084.description": "",
                            "ingress.1799340084.from_port": "-1",
                            "ingress.1799340084.ipv6_cidr_blocks.#": "0",
                            "ingress.1799340084.prefix_list_ids.#": "0",
                            "ingress.1799340084.protocol": "icmp",
                            "ingress.1799340084.security_groups.#": "0",
                            "ingress.1799340084.self": "false",
                            "ingress.1799340084.to_port": "-1",
                            "ingress.2214680975.cidr_blocks.#": "1",
                            "ingress.2214680975.cidr_blocks.0": "0.0.0.0/0",
                            "ingress.2214680975.description": "",
                            "ingress.2214680975.from_port": "80",
                            "ingress.2214680975.ipv6_cidr_blocks.#": "0",
                            "ingress.2214680975.prefix_list_ids.#": "0",
                            "ingress.2214680975.protocol": "tcp",
                            "ingress.2214680975.security_groups.#": "0",
                            "ingress.2214680975.self": "false",
                            "ingress.2214680975.to_port": "80",
                            "ingress.2541437006.cidr_blocks.#": "1",
                            "ingress.2541437006.cidr_blocks.0": "0.0.0.0/0",
                            "ingress.2541437006.description": "",
                            "ingress.2541437006.from_port": "22",
                            "ingress.2541437006.ipv6_cidr_blocks.#": "0",
                            "ingress.2541437006.prefix_list_ids.#": "0",
                            "ingress.2541437006.protocol": "tcp",
                            "ingress.2541437006.security_groups.#": "0",
                            "ingress.2541437006.self": "false",
                            "ingress.2541437006.to_port": "22",
                            "ingress.2617001939.cidr_blocks.#": "1",
                            "ingress.2617001939.cidr_blocks.0": "0.0.0.0/0",
                            "ingress.2617001939.description": "",
                            "ingress.2617001939.from_port": "443",
                            "ingress.2617001939.ipv6_cidr_blocks.#": "0",
                            "ingress.2617001939.prefix_list_ids.#": "0",
                            "ingress.2617001939.protocol": "tcp",
                            "ingress.2617001939.security_groups.#": "0",
                            "ingress.2617001939.self": "false",
                            "ingress.2617001939.to_port": "443",
                            "name": "vpc_web",
                            "owner_id": "293221893011",
                            "revoke_rules_on_delete": "false",
                            "tags.%": "1",
                            "tags.Name": "WebServerSG",
                            "vpc_id": "vpc-03b9a81be795e2df7"
                        },
                        "meta": {
                            "e2bfb730-ecaa-11e6-8f88-34363bc7c4c0": {
                                "create": 600000000000,
                                "delete": 600000000000
                            },
                            "schema_version": "1"
                        },
                        "tainted": false
                    },
                    "deposed": [],
                    "provider": "provider.aws"
                },
                "aws_subnet.private_sub": {
                    "type": "aws_subnet",
                    "depends_on": [
                        "aws_vpc.main"
                    ],
                    "primary": {
                        "id": "subnet-039a6763125a5786f",
                        "attributes": {
                            "arn": "arn:aws:ec2:us-east-2:293221893011:subnet/subnet-039a6763125a5786f",
                            "assign_ipv6_address_on_creation": "false",
                            "availability_zone": "us-east-2a",
                            "availability_zone_id": "use2-az1",
                            "cidr_block": "10.0.2.0/24",
                            "id": "subnet-039a6763125a5786f",
                            "ipv6_cidr_block": "",
                            "ipv6_cidr_block_association_id": "",
                            "map_public_ip_on_launch": "false",
                            "owner_id": "293221893011",
                            "tags.%": "1",
                            "tags.Name": "Private Subnet",
                            "vpc_id": "vpc-03b9a81be795e2df7"
                        },
                        "meta": {
                            "e2bfb730-ecaa-11e6-8f88-34363bc7c4c0": {
                                "create": 600000000000,
                                "delete": 600000000000
                            },
                            "schema_version": "1"
                        },
                        "tainted": false
                    },
                    "deposed": [],
                    "provider": "provider.aws"
                },
                "aws_subnet.public_sub": {
                    "type": "aws_subnet",
                    "depends_on": [
                        "aws_vpc.main"
                    ],
                    "primary": {
                        "id": "subnet-0c4deacce99d580fb",
                        "attributes": {
                            "arn": "arn:aws:ec2:us-east-2:293221893011:subnet/subnet-0c4deacce99d580fb",
                            "assign_ipv6_address_on_creation": "false",
                            "availability_zone": "us-east-2a",
                            "availability_zone_id": "use2-az1",
                            "cidr_block": "10.0.0.0/24",
                            "id": "subnet-0c4deacce99d580fb",
                            "ipv6_cidr_block": "",
                            "ipv6_cidr_block_association_id": "",
                            "map_public_ip_on_launch": "false",
                            "owner_id": "293221893011",
                            "tags.%": "1",
                            "tags.Name": "subnet-public",
                            "vpc_id": "vpc-03b9a81be795e2df7"
                        },
                        "meta": {
                            "e2bfb730-ecaa-11e6-8f88-34363bc7c4c0": {
                                "create": 600000000000,
                                "delete": 600000000000
                            },
                            "schema_version": "1"
                        },
                        "tainted": false
                    },
                    "deposed": [],
                    "provider": "provider.aws"
                },
                "aws_subnet.public_sub2": {
                    "type": "aws_subnet",
                    "depends_on": [
                        "aws_vpc.main"
                    ],
                    "primary": {
                        "id": "subnet-0c03158bf4c7e9560",
                        "attributes": {
                            "arn": "arn:aws:ec2:us-east-2:293221893011:subnet/subnet-0c03158bf4c7e9560",
                            "assign_ipv6_address_on_creation": "false",
                            "availability_zone": "us-east-2b",
                            "availability_zone_id": "use2-az2",
                            "cidr_block": "10.0.3.0/24",
                            "id": "subnet-0c03158bf4c7e9560",
                            "ipv6_cidr_block": "",
                            "ipv6_cidr_block_association_id": "",
                            "map_public_ip_on_launch": "false",
                            "owner_id": "293221893011",
                            "tags.%": "1",
                            "tags.Name": "subnet-public",
                            "vpc_id": "vpc-03b9a81be795e2df7"
                        },
                        "meta": {
                            "e2bfb730-ecaa-11e6-8f88-34363bc7c4c0": {
                                "create": 600000000000,
                                "delete": 600000000000
                            },
                            "schema_version": "1"
                        },
                        "tainted": false
                    },
                    "deposed": [],
                    "provider": "provider.aws"
                },
                "aws_vpc.main": {
                    "type": "aws_vpc",
                    "depends_on": [],
                    "primary": {
                        "id": "vpc-03b9a81be795e2df7",
                        "attributes": {
                            "arn": "arn:aws:ec2:us-east-2:293221893011:vpc/vpc-03b9a81be795e2df7",
                            "assign_generated_ipv6_cidr_block": "false",
                            "cidr_block": "10.0.0.0/16",
                            "default_network_acl_id": "acl-067688efdb31870ae",
                            "default_route_table_id": "rtb-0280642dde06e7396",
                            "default_security_group_id": "sg-00d2ca8c0dd849835",
                            "dhcp_options_id": "dopt-d0aa4cbb",
                            "enable_dns_hostnames": "true",
                            "enable_dns_support": "true",
                            "id": "vpc-03b9a81be795e2df7",
                            "instance_tenancy": "default",
                            "ipv6_association_id": "",
                            "ipv6_cidr_block": "",
                            "main_route_table_id": "rtb-0280642dde06e7396",
                            "owner_id": "293221893011",
                            "tags.%": "2",
                            "tags.Location": "US OHIO EAST 2",
                            "tags.Nanme": "main"
                        },
                        "meta": {
                            "schema_version": "1"
                        },
                        "tainted": false
                    },
                    "deposed": [],
                    "provider": "provider.aws"
                }
            },
            "depends_on": []
        }
    ]
}
